
Microsoft Visual Studio Solution File, Format Version 12.00
# Visual Studio Version 16
VisualStudioVersion = 16.0.30503.244
MinimumVisualStudioVersion = 10.0.40219.1
Project("{9A19103F-16F7-4668-BE54-9A1E7A4F7556}") = "mvvm-framework", "mvvm-framework\mvvm-framework.csproj", "{37030E83-D46B-4C5A-947F-549BA5B61A64}"
EndProject
Project("{FAE04EC0-301F-11D3-BF4B-00C04F79EFBC}") = "mvvm-framework-tests", "mvvm-framework-tests\mvvm-framework-tests.csproj", "{19D4AC12-7F8C-4420-9395-B60D9A2EB9BC}"
EndProject
Global
	GlobalSection(SolutionConfigurationPlatforms) = preSolution
		Debug|Any CPU = Debug|Any CPU
		Release|Any CPU = Release|Any CPU
	EndGlobalSection
	GlobalSection(ProjectConfigurationPlatforms) = postSolution
		{37030E83-D46B-4C5A-947F-549BA5B61A64}.Debug|Any CPU.ActiveCfg = Debug|Any CPU
		{37030E83-D46B-4C5A-947F-549BA5B61A64}.Debug|Any CPU.Build.0 = Debug|Any CPU
		{37030E83-D46B-4C5A-947F-549BA5B61A64}.Release|Any CPU.ActiveCfg = Release|Any CPU
		{37030E83-D46B-4C5A-947F-549BA5B61A64}.Release|Any CPU.Build.0 = Release|Any CPU
		{19D4AC12-7F8C-4420-9395-B60D9A2EB9BC}.Debug|Any CPU.ActiveCfg = Debug|Any CPU
		{19D4AC12-7F8C-4420-9395-B60D9A2EB9BC}.Debug|Any CPU.Build.0 = Debug|Any CPU
		{19D4AC12-7F8C-4420-9395-B60D9A2EB9BC}.Release|Any CPU.ActiveCfg = Release|Any CPU
		{19D4AC12-7F8C-4420-9395-B60D9A2EB9BC}.Release|Any CPU.Build.0 = Release|Any CPU
	EndGlobalSection
	GlobalSection(SolutionProperties) = preSolution
		HideSolutionNode = FALSE
	EndGlobalSection
	GlobalSection(ExtensibilityGlobals) = postSolution
		SolutionGuid = {B770F60E-D401-4FDE-94A9-A1A2AC6D78B4}
	EndGlobalSection
EndGlobal
